// !$*UTF8*$!
{
	archiveVersion = 1;
	classes = {
	};
	objectVersion = 50;
	objects = {

/* Begin PBXBuildFile section */
		367187EA23B2A63300E22138 /* CoinFlip2 WatchKit App.app in Embed Watch Content */ = {isa = PBXBuildFile; fileRef = 367187E923B2A63300E22138 /* CoinFlip2 WatchKit App.app */; settings = {ATTRIBUTES = (RemoveHeadersOnCopy, ); }; };
		367187F023B2A63300E22138 /* Interface.storyboard in Resources */ = {isa = PBXBuildFile; fileRef = 367187EE23B2A63300E22138 /* Interface.storyboard */; };
		367187F223B2A63400E22138 /* Assets.xcassets in Resources */ = {isa = PBXBuildFile; fileRef = 367187F123B2A63400E22138 /* Assets.xcassets */; };
		367187F923B2A63400E22138 /* CoinFlip2 WatchKit Extension.appex in Embed App Extensions */ = {isa = PBXBuildFile; fileRef = 367187F823B2A63400E22138 /* CoinFlip2 WatchKit Extension.appex */; settings = {ATTRIBUTES = (RemoveHeadersOnCopy, ); }; };
		367187FE23B2A63400E22138 /* InterfaceController.swift in Sources */ = {isa = PBXBuildFile; fileRef = 367187FD23B2A63400E22138 /* InterfaceController.swift */; };
		3671880023B2A63400E22138 /* ExtensionDelegate.swift in Sources */ = {isa = PBXBuildFile; fileRef = 367187FF23B2A63400E22138 /* ExtensionDelegate.swift */; };
		3671880223B2A63400E22138 /* NotificationController.swift in Sources */ = {isa = PBXBuildFile; fileRef = 3671880123B2A63400E22138 /* NotificationController.swift */; };
		3671880423B2A63500E22138 /* Assets.xcassets in Resources */ = {isa = PBXBuildFile; fileRef = 3671880323B2A63500E22138 /* Assets.xcassets */; };
/* End PBXBuildFile section */

/* Begin PBXContainerItemProxy section */
		367187EB23B2A63300E22138 /* PBXContainerItemProxy */ = {
			isa = PBXContainerItemProxy;
			containerPortal = 367187DF23B2A63300E22138 /* Project object */;
			proxyType = 1;
			remoteGlobalIDString = 367187E823B2A63300E22138;
			remoteInfo = "CoinFlip2 WatchKit App";
		};
		367187FA23B2A63400E22138 /* PBXContainerItemProxy */ = {
			isa = PBXContainerItemProxy;
			containerPortal = 367187DF23B2A63300E22138 /* Project object */;
			proxyType = 1;
			remoteGlobalIDString = 367187F723B2A63400E22138;
			remoteInfo = "CoinFlip2 WatchKit Extension";
		};
/* End PBXContainerItemProxy section */

/* Begin PBXCopyFilesBuildPhase section */
		3671880C23B2A63500E22138 /* Embed App Extensions */ = {
			isa = PBXCopyFilesBuildPhase;
			buildActionMask = 2147483647;
			dstPath = "";
			dstSubfolderSpec = 13;
			files = (
				367187F923B2A63400E22138 /* CoinFlip2 WatchKit Extension.appex in Embed App Extensions */,
			);
			name = "Embed App Extensions";
			runOnlyForDeploymentPostprocessing = 0;
		};
		3671881023B2A63500E22138 /* Embed Watch Content */ = {
			isa = PBXCopyFilesBuildPhase;
			buildActionMask = 2147483647;
			dstPath = "$(CONTENTS_FOLDER_PATH)/Watch";
			dstSubfolderSpec = 16;
			files = (
				367187EA23B2A63300E22138 /* CoinFlip2 WatchKit App.app in Embed Watch Content */,
			);
			name = "Embed Watch Content";
			runOnlyForDeploymentPostprocessing = 0;
		};
/* End PBXCopyFilesBuildPhase section */

/* Begin PBXFileReference section */
		367187E523B2A63300E22138 /* CoinFlip2.app */ = {isa = PBXFileReference; explicitFileType = wrapper.application; includeInIndex = 0; path = CoinFlip2.app; sourceTree = BUILT_PRODUCTS_DIR; };
		367187E923B2A63300E22138 /* CoinFlip2 WatchKit App.app */ = {isa = PBXFileReference; explicitFileType = wrapper.application; includeInIndex = 0; path = "CoinFlip2 WatchKit App.app"; sourceTree = BUILT_PRODUCTS_DIR; };
		367187EF23B2A63300E22138 /* Base */ = {isa = PBXFileReference; lastKnownFileType = file.storyboard; name = Base; path = Base.lproj/Interface.storyboard; sourceTree = "<group>"; };
		367187F123B2A63400E22138 /* Assets.xcassets */ = {isa = PBXFileReference; lastKnownFileType = folder.assetcatalog; path = Assets.xcassets; sourceTree = "<group>"; };
		367187F323B2A63400E22138 /* Info.plist */ = {isa = PBXFileReference; lastKnownFileType = text.plist.xml; path = Info.plist; sourceTree = "<group>"; };
		367187F823B2A63400E22138 /* CoinFlip2 WatchKit Extension.appex */ = {isa = PBXFileReference; explicitFileType = "wrapper.app-extension"; includeInIndex = 0; path = "CoinFlip2 WatchKit Extension.appex"; sourceTree = BUILT_PRODUCTS_DIR; };
		367187FD23B2A63400E22138 /* InterfaceController.swift */ = {isa = PBXFileReference; lastKnownFileType = sourcecode.swift; path = InterfaceController.swift; sourceTree = "<group>"; };
		367187FF23B2A63400E22138 /* ExtensionDelegate.swift */ = {isa = PBXFileReference; lastKnownFileType = sourcecode.swift; path = ExtensionDelegate.swift; sourceTree = "<group>"; };
		3671880123B2A63400E22138 /* NotificationController.swift */ = {isa = PBXFileReference; lastKnownFileType = sourcecode.swift; path = NotificationController.swift; sourceTree = "<group>"; };
		3671880323B2A63500E22138 /* Assets.xcassets */ = {isa = PBXFileReference; lastKnownFileType = folder.assetcatalog; path = Assets.xcassets; sourceTree = "<group>"; };
		3671880523B2A63500E22138 /* Info.plist */ = {isa = PBXFileReference; lastKnownFileType = text.plist.xml; path = Info.plist; sourceTree = "<group>"; };
		3671880623B2A63500E22138 /* PushNotificationPayload.apns */ = {isa = PBXFileReference; lastKnownFileType = text; path = PushNotificationPayload.apns; sourceTree = "<group>"; };
/* End PBXFileReference section */

/* Begin PBXFrameworksBuildPhase section */
		367187F523B2A63400E22138 /* Frameworks */ = {
			isa = PBXFrameworksBuildPhase;
			buildActionMask = 2147483647;
			files = (
			);
			runOnlyForDeploymentPostprocessing = 0;
		};
/* End PBXFrameworksBuildPhase section */

/* Begin PBXGroup section */
		367187DE23B2A63300E22138 = {
			isa = PBXGroup;
			children = (
				367187ED23B2A63300E22138 /* CoinFlip2 WatchKit App */,
				367187FC23B2A63400E22138 /* CoinFlip2 WatchKit Extension */,
				367187E623B2A63300E22138 /* Products */,
			);
			sourceTree = "<group>";
		};
		367187E623B2A63300E22138 /* Products */ = {
			isa = PBXGroup;
			children = (
				367187E523B2A63300E22138 /* CoinFlip2.app */,
				367187E923B2A63300E22138 /* CoinFlip2 WatchKit App.app */,
				367187F823B2A63400E22138 /* CoinFlip2 WatchKit Extension.appex */,
			);
			name = Products;
			sourceTree = "<group>";
		};
		367187ED23B2A63300E22138 /* CoinFlip2 WatchKit App */ = {
			isa = PBXGroup;
			children = (
				367187EE23B2A63300E22138 /* Interface.storyboard */,
				367187F123B2A63400E22138 /* Assets.xcassets */,
				367187F323B2A63400E22138 /* Info.plist */,
			);
			path = "CoinFlip2 WatchKit App";
			sourceTree = "<group>";
		};
		367187FC23B2A63400E22138 /* CoinFlip2 WatchKit Extension */ = {
			isa = PBXGroup;
			children = (
				367187FD23B2A63400E22138 /* InterfaceController.swift */,
				367187FF23B2A63400E22138 /* ExtensionDelegate.swift */,
				3671880123B2A63400E22138 /* NotificationController.swift */,
				3671880323B2A63500E22138 /* Assets.xcassets */,
				3671880523B2A63500E22138 /* Info.plist */,
				3671880623B2A63500E22138 /* PushNotificationPayload.apns */,
			);
			path = "CoinFlip2 WatchKit Extension";
			sourceTree = "<group>";
		};
/* End PBXGroup section */

/* Begin PBXNativeTarget section */
		367187E423B2A63300E22138 /* CoinFlip2 */ = {
			isa = PBXNativeTarget;
			buildConfigurationList = 3671881123B2A63500E22138 /* Build configuration list for PBXNativeTarget "CoinFlip2" */;
			buildPhases = (
				367187E323B2A63300E22138 /* Resources */,
				3671881023B2A63500E22138 /* Embed Watch Content */,
			);
			buildRules = (
			);
			dependencies = (
				367187EC23B2A63300E22138 /* PBXTargetDependency */,
			);
			name = CoinFlip2;
			productName = CoinFlip2;
			productReference = 367187E523B2A63300E22138 /* CoinFlip2.app */;
			productType = "com.apple.product-type.application.watchapp2-container";
		};
		367187E823B2A63300E22138 /* CoinFlip2 WatchKit App */ = {
			isa = PBXNativeTarget;
			buildConfigurationList = 3671880D23B2A63500E22138 /* Build configuration list for PBXNativeTarget "CoinFlip2 WatchKit App" */;
			buildPhases = (
				367187E723B2A63300E22138 /* Resources */,
				3671880C23B2A63500E22138 /* Embed App Extensions */,
			);
			buildRules = (
			);
			dependencies = (
				367187FB23B2A63400E22138 /* PBXTargetDependency */,
			);
			name = "CoinFlip2 WatchKit App";
			productName = "CoinFlip2 WatchKit App";
			productReference = 367187E923B2A63300E22138 /* CoinFlip2 WatchKit App.app */;
			productType = "com.apple.product-type.application.watchapp2";
		};
		367187F723B2A63400E22138 /* CoinFlip2 WatchKit Extension */ = {
			isa = PBXNativeTarget;
			buildConfigurationList = 3671880923B2A63500E22138 /* Build configuration list for PBXNativeTarget "CoinFlip2 WatchKit Extension" */;
			buildPhases = (
				367187F423B2A63400E22138 /* Sources */,
				367187F523B2A63400E22138 /* Frameworks */,
				367187F623B2A63400E22138 /* Resources */,
			);
			buildRules = (
			);
			dependencies = (
			);
			name = "CoinFlip2 WatchKit Extension";
			productName = "CoinFlip2 WatchKit Extension";
			productReference = 367187F823B2A63400E22138 /* CoinFlip2 WatchKit Extension.appex */;
			productType = "com.apple.product-type.watchkit2-extension";
		};
/* End PBXNativeTarget section */

/* Begin PBXProject section */
		367187DF23B2A63300E22138 /* Project object */ = {
			isa = PBXProject;
			attributes = {
				LastSwiftUpdateCheck = 1130;
				LastUpgradeCheck = 1130;
				ORGANIZATIONNAME = jacobrozell2;
				TargetAttributes = {
					367187E423B2A63300E22138 = {
						CreatedOnToolsVersion = 11.3;
					};
					367187E823B2A63300E22138 = {
						CreatedOnToolsVersion = 11.3;
					};
					367187F723B2A63400E22138 = {
						CreatedOnToolsVersion = 11.3;
					};
				};
			};
			buildConfigurationList = 367187E223B2A63300E22138 /* Build configuration list for PBXProject "CoinFlip2" */;
			compatibilityVersion = "Xcode 9.3";
			developmentRegion = en;
			hasScannedForEncodings = 0;
			knownRegions = (
				en,
				Base,
			);
			mainGroup = 367187DE23B2A63300E22138;
			productRefGroup = 367187E623B2A63300E22138 /* Products */;
			projectDirPath = "";
			projectRoot = "";
			targets = (
				367187E423B2A63300E22138 /* CoinFlip2 */,
				367187E823B2A63300E22138 /* CoinFlip2 WatchKit App */,
				367187F723B2A63400E22138 /* CoinFlip2 WatchKit Extension */,
			);
		};
/* End PBXProject section */

/* Begin PBXResourcesBuildPhase section */
		367187E323B2A63300E22138 /* Resources */ = {
			isa = PBXResourcesBuildPhase;
			buildActionMask = 2147483647;
			files = (
			);
			runOnlyForDeploymentPostprocessing = 0;
		};
		367187E723B2A63300E22138 /* Resources */ = {
			isa = PBXResourcesBuildPhase;
			buildActionMask = 2147483647;
			files = (
				367187F223B2A63400E22138 /* Assets.xcassets in Resources */,
				367187F023B2A63300E22138 /* Interface.storyboard in Resources */,
			);
			runOnlyForDeploymentPostprocessing = 0;
		};
		367187F623B2A63400E22138 /* Resources */ = {
			isa = PBXResourcesBuildPhase;
			buildActionMask = 2147483647;
			files = (
				3671880423B2A63500E22138 /* Assets.xcassets in Resources */,
			);
			runOnlyForDeploymentPostprocessing = 0;
		};
/* End PBXResourcesBuildPhase section */

/* Begin PBXSourcesBuildPhase section */
		367187F423B2A63400E22138 /* Sources */ = {
			isa = PBXSourcesBuildPhase;
			buildActionMask = 2147483647;
			files = (
				3671880223B2A63400E22138 /* NotificationController.swift in Sources */,
				3671880023B2A63400E22138 /* ExtensionDelegate.swift in Sources */,
				367187FE23B2A63400E22138 /* InterfaceController.swift in Sources */,
			);
			runOnlyForDeploymentPostprocessing = 0;
		};
/* End PBXSourcesBuildPhase section */

/* Begin PBXTargetDependency section */
		367187EC23B2A63300E22138 /* PBXTargetDependency */ = {
			isa = PBXTargetDependency;
			target = 367187E823B2A63300E22138 /* CoinFlip2 WatchKit App */;
			targetProxy = 367187EB23B2A63300E22138 /* PBXContainerItemProxy */;
		};
		367187FB23B2A63400E22138 /* PBXTargetDependency */ = {
			isa = PBXTargetDependency;
			target = 367187F723B2A63400E22138 /* CoinFlip2 WatchKit Extension */;
			targetProxy = 367187FA23B2A63400E22138 /* PBXContainerItemProxy */;
		};
/* End PBXTargetDependency section */

/* Begin PBXVariantGroup section */
		367187EE23B2A63300E22138 /* Interface.storyboard */ = {
			isa = PBXVariantGroup;
			children = (
				367187EF23B2A63300E22138 /* Base */,
			);
			name = Interface.storyboard;
			sourceTree = "<group>";
		};
/* End PBXVariantGroup section */

/* Begin XCBuildConfiguration section */
		3671880723B2A63500E22138 /* Debug */ = {
			isa = XCBuildConfiguration;
			buildSettings = {
				ALWAYS_SEARCH_USER_PATHS = NO;
				CLANG_ANALYZER_NONNULL = YES;
				CLANG_ANALYZER_NUMBER_OBJECT_CONVERSION = YES_AGGRESSIVE;
				CLANG_CXX_LANGUAGE_STANDARD = "gnu++14";
				CLANG_CXX_LIBRARY = "libc++";
				CLANG_ENABLE_MODULES = YES;
				CLANG_ENABLE_OBJC_ARC = YES;
				CLANG_ENABLE_OBJC_WEAK = YES;
				CLANG_WARN_BLOCK_CAPTURE_AUTORELEASING = YES;
				CLANG_WARN_BOOL_CONVERSION = YES;
				CLANG_WARN_COMMA = YES;
				CLANG_WARN_CONSTANT_CONVERSION = YES;
				CLANG_WARN_DEPRECATED_OBJC_IMPLEMENTATIONS = YES;
				CLANG_WARN_DIRECT_OBJC_ISA_USAGE = YES_ERROR;
				CLANG_WARN_DOCUMENTATION_COMMENTS = YES;
				CLANG_WARN_EMPTY_BODY = YES;
				CLANG_WARN_ENUM_CONVERSION = YES;
				CLANG_WARN_INFINITE_RECURSION = YES;
				CLANG_WARN_INT_CONVERSION = YES;
				CLANG_WARN_NON_LITERAL_NULL_CONVERSION = YES;
				CLANG_WARN_OBJC_IMPLICIT_RETAIN_SELF = YES;
				CLANG_WARN_OBJC_LITERAL_CONVERSION = YES;
				CLANG_WARN_OBJC_ROOT_CLASS = YES_ERROR;
				CLANG_WARN_RANGE_LOOP_ANALYSIS = YES;
				CLANG_WARN_STRICT_PROTOTYPES = YES;
				CLANG_WARN_SUSPICIOUS_MOVE = YES;
				CLANG_WARN_UNGUARDED_AVAILABILITY = YES_AGGRESSIVE;
				CLANG_WARN_UNREACHABLE_CODE = YES;
				CLANG_WARN__DUPLICATE_METHOD_MATCH = YES;
				COPY_PHASE_STRIP = NO;
				DEBUG_INFORMATION_FORMAT = dwarf;
				ENABLE_STRICT_OBJC_MSGSEND = YES;
				ENABLE_TESTABILITY = YES;
				GCC_C_LANGUAGE_STANDARD = gnu11;
				GCC_DYNAMIC_NO_PIC = NO;
				GCC_NO_COMMON_BLOCKS = YES;
				GCC_OPTIMIZATION_LEVEL = 0;
				GCC_PREPROCESSOR_DEFINITIONS = (
					"DEBUG=1",
					"$(inherited)",
				);
				GCC_WARN_64_TO_32_BIT_CONVERSION = YES;
				GCC_WARN_ABOUT_RETURN_TYPE = YES_ERROR;
				GCC_WARN_UNDECLARED_SELECTOR = YES;
				GCC_WARN_UNINITIALIZED_AUTOS = YES_AGGRESSIVE;
				GCC_WARN_UNUSED_FUNCTION = YES;
				GCC_WARN_UNUSED_VARIABLE = YES;
				MTL_ENABLE_DEBUG_INFO = INCLUDE_SOURCE;
				MTL_FAST_MATH = YES;
				ONLY_ACTIVE_ARCH = YES;
				SDKROOT = iphoneos;
				SWIFT_ACTIVE_COMPILATION_CONDITIONS = DEBUG;
				SWIFT_OPTIMIZATION_LEVEL = "-Onone";
			};
			name = Debug;
		};
		3671880823B2A63500E22138 /* Release */ = {
			isa = XCBuildConfiguration;
			buildSettings = {
				ALWAYS_SEARCH_USER_PATHS = NO;
				CLANG_ANALYZER_NONNULL = YES;
				CLANG_ANALYZER_NUMBER_OBJECT_CONVERSION = YES_AGGRESSIVE;
				CLANG_CXX_LANGUAGE_STANDARD = "gnu++14";
				CLANG_CXX_LIBRARY = "libc++";
				CLANG_ENABLE_MODULES = YES;
				CLANG_ENABLE_OBJC_ARC = YES;
				CLANG_ENABLE_OBJC_WEAK = YES;
				CLANG_WARN_BLOCK_CAPTURE_AUTORELEASING = YES;
				CLANG_WARN_BOOL_CONVERSION = YES;
				CLANG_WARN_COMMA = YES;
				CLANG_WARN_CONSTANT_CONVERSION = YES;
				CLANG_WARN_DEPRECATED_OBJC_IMPLEMENTATIONS = YES;
				CLANG_WARN_DIRECT_OBJC_ISA_USAGE = YES_ERROR;
				CLANG_WARN_DOCUMENTATION_COMMENTS = YES;
				CLANG_WARN_EMPTY_BODY = YES;
				CLANG_WARN_ENUM_CONVERSION = YES;
				CLANG_WARN_INFINITE_RECURSION = YES;
				CLANG_WARN_INT_CONVERSION = YES;
				CLANG_WARN_NON_LITERAL_NULL_CONVERSION = YES;
				CLANG_WARN_OBJC_IMPLICIT_RETAIN_SELF = YES;
				CLANG_WARN_OBJC_LITERAL_CONVERSION = YES;
				CLANG_WARN_OBJC_ROOT_CLASS = YES_ERROR;
				CLANG_WARN_RANGE_LOOP_ANALYSIS = YES;
				CLANG_WARN_STRICT_PROTOTYPES = YES;
				CLANG_WARN_SUSPICIOUS_MOVE = YES;
				CLANG_WARN_UNGUARDED_AVAILABILITY = YES_AGGRESSIVE;
				CLANG_WARN_UNREACHABLE_CODE = YES;
				CLANG_WARN__DUPLICATE_METHOD_MATCH = YES;
				COPY_PHASE_STRIP = NO;
				DEBUG_INFORMATION_FORMAT = "dwarf-with-dsym";
				ENABLE_NS_ASSERTIONS = NO;
				ENABLE_STRICT_OBJC_MSGSEND = YES;
				GCC_C_LANGUAGE_STANDARD = gnu11;
				GCC_NO_COMMON_BLOCKS = YES;
				GCC_WARN_64_TO_32_BIT_CONVERSION = YES;
				GCC_WARN_ABOUT_RETURN_TYPE = YES_ERROR;
				GCC_WARN_UNDECLARED_SELECTOR = YES;
				GCC_WARN_UNINITIALIZED_AUTOS = YES_AGGRESSIVE;
				GCC_WARN_UNUSED_FUNCTION = YES;
				GCC_WARN_UNUSED_VARIABLE = YES;
				MTL_ENABLE_DEBUG_INFO = NO;
				MTL_FAST_MATH = YES;
				SDKROOT = iphoneos;
				SWIFT_COMPILATION_MODE = wholemodule;
				SWIFT_OPTIMIZATION_LEVEL = "-O";
				VALIDATE_PRODUCT = YES;
			};
			name = Release;
		};
		3671880A23B2A63500E22138 /* Debug */ = {
			isa = XCBuildConfiguration;
			buildSettings = {
				ASSETCATALOG_COMPILER_COMPLICATION_NAME = Complication;
				CODE_SIGN_STYLE = Automatic;
				DEVELOPMENT_TEAM = J638W5H5RB;
				INFOPLIST_FILE = "CoinFlip2 WatchKit Extension/Info.plist";
				LD_RUNPATH_SEARCH_PATHS = (
					"$(inherited)",
					"@executable_path/Frameworks",
					"@executable_path/../../Frameworks",
				);
				PRODUCT_BUNDLE_IDENTIFIER = com.jacobrozell.CoinFlip2.watchkitapp.watchkitextension;
				PRODUCT_NAME = "${TARGET_NAME}";
				SDKROOT = watchos;
				SKIP_INSTALL = YES;
				SWIFT_VERSION = 5.0;
				TARGETED_DEVICE_FAMILY = 4;
				WATCHOS_DEPLOYMENT_TARGET = 6.1;
			};
			name = Debug;
		};
		3671880B23B2A63500E22138 /* Release */ = {
			isa = XCBuildConfiguration;
			buildSettings = {
				ASSETCATALOG_COMPILER_COMPLICATION_NAME = Complication;
				CODE_SIGN_STYLE = Automatic;
				DEVELOPMENT_TEAM = J638W5H5RB;
				INFOPLIST_FILE = "CoinFlip2 WatchKit Extension/Info.plist";
				LD_RUNPATH_SEARCH_PATHS = (
					"$(inherited)",
					"@executable_path/Frameworks",
					"@executable_path/../../Frameworks",
				);
				PRODUCT_BUNDLE_IDENTIFIER = com.jacobrozell.CoinFlip2.watchkitapp.watchkitextension;
				PRODUCT_NAME = "${TARGET_NAME}";
				SDKROOT = watchos;
				SKIP_INSTALL = YES;
				SWIFT_VERSION = 5.0;
				TARGETED_DEVICE_FAMILY = 4;
				WATCHOS_DEPLOYMENT_TARGET = 6.1;
			};
			name = Release;
		};
		3671880E23B2A63500E22138 /* Debug */ = {
			isa = XCBuildConfiguration;
			buildSettings = {
				ALWAYS_EMBED_SWIFT_STANDARD_LIBRARIES = YES;
				ASSETCATALOG_COMPILER_APPICON_NAME = AppIcon;
				CODE_SIGN_STYLE = Automatic;
				DEVELOPMENT_TEAM = J638W5H5RB;
				IBSC_MODULE = CoinFlip2_WatchKit_Extension;
				INFOPLIST_FILE = "CoinFlip2 WatchKit App/Info.plist";
				PRODUCT_BUNDLE_IDENTIFIER = com.jacobrozell.CoinFlip2.watchkitapp;
				PRODUCT_NAME = "$(TARGET_NAME)";
				SDKROOT = watchos;
				SKIP_INSTALL = YES;
				SWIFT_VERSION = 5.0;
				TARGETED_DEVICE_FAMILY = 4;
				WATCHOS_DEPLOYMENT_TARGET = 6.1;
			};
			name = Debug;
		};
		3671880F23B2A63500E22138 /* Release */ = {
			isa = XCBuildConfiguration;
			buildSettings = {
				ALWAYS_EMBED_SWIFT_STANDARD_LIBRARIES = YES;
				ASSETCATALOG_COMPILER_APPICON_NAME = AppIcon;
				CODE_SIGN_STYLE = Automatic;
				DEVELOPMENT_TEAM = J638W5H5RB;
				IBSC_MODULE = CoinFlip2_WatchKit_Extension;
				INFOPLIST_FILE = "CoinFlip2 WatchKit App/Info.plist";
				PRODUCT_BUNDLE_IDENTIFIER = com.jacobrozell.CoinFlip2.watchkitapp;
				PRODUCT_NAME = "$(TARGET_NAME)";
				SDKROOT = watchos;
				SKIP_INSTALL = YES;
				SWIFT_VERSION = 5.0;
				TARGETED_DEVICE_FAMILY = 4;
				WATCHOS_DEPLOYMENT_TARGET = 6.1;
			};
			name = Release;
		};
		3671881223B2A63500E22138 /* Debug */ = {
			isa = XCBuildConfiguration;
			buildSettings = {
				CODE_SIGN_STYLE = Automatic;
				CURRENT_PROJECT_VERSION = 1;
				DEVELOPMENT_TEAM = J638W5H5RB;
				MARKETING_VERSION = 1.0;
				PRODUCT_BUNDLE_IDENTIFIER = com.jacobrozell.CoinFlip2;
				PRODUCT_NAME = "$(TARGET_NAME)";
				SWIFT_VERSION = 5.0;
			};
			name = Debug;
		};
		3671881323B2A63500E22138 /* Release */ = {
			isa = XCBuildConfiguration;
			buildSettings = {
				CODE_SIGN_STYLE = Automatic;
				CURRENT_PROJECT_VERSION = 1;
				DEVELOPMENT_TEAM = J638W5H5RB;
				MARKETING_VERSION = 1.0;
				PRODUCT_BUNDLE_IDENTIFIER = com.jacobrozell.CoinFlip2;
				PRODUCT_NAME = "$(TARGET_NAME)";
				SWIFT_VERSION = 5.0;
			};
			name = Release;
		};
/* End XCBuildConfiguration section */

/* Begin XCConfigurationList section */
		367187E223B2A63300E22138 /* Build configuration list for PBXProject "CoinFlip2" */ = {
			isa = XCConfigurationList;
			buildConfigurations = (
				3671880723B2A63500E22138 /* Debug */,
				3671880823B2A63500E22138 /* Release */,
			);
			defaultConfigurationIsVisible = 0;
			defaultConfigurationName = Release;
		};
		3671880923B2A63500E22138 /* Build configuration list for PBXNativeTarget "CoinFlip2 WatchKit Extension" */ = {
			isa = XCConfigurationList;
			buildConfigurations = (
				3671880A23B2A63500E22138 /* Debug */,
				3671880B23B2A63500E22138 /* Release */,
			);
			defaultConfigurationIsVisible = 0;
			defaultConfigurationName = Release;
		};
		3671880D23B2A63500E22138 /* Build configuration list for PBXNativeTarget "CoinFlip2 WatchKit App" */ = {
			isa = XCConfigurationList;
			buildConfigurations = (
				3671880E23B2A63500E22138 /* Debug */,
				3671880F23B2A63500E22138 /* Release */,
			);
			defaultConfigurationIsVisible = 0;
			defaultConfigurationName = Release;
		};
		3671881123B2A63500E22138 /* Build configuration list for PBXNativeTarget "CoinFlip2" */ = {
			isa = XCConfigurationList;
			buildConfigurations = (
				3671881223B2A63500E22138 /* Debug */,
				3671881323B2A63500E22138 /* Release */,
			);
			defaultConfigurationIsVisible = 0;
			defaultConfigurationName = Release;
		};
/* End XCConfigurationList section */
	};
	rootObject = 367187DF23B2A63300E22138 /* Project object */;
}
