// !$*UTF8*$!
{
	archiveVersion = 1;
	classes = {
	};
	objectVersion = 50;
	objects = {

/* Begin PBXBuildFile section */
		360C86B823B2807E007D72BE /* How many fingers WatchKit App.app in Embed Watch Content */ = {isa = PBXBuildFile; fileRef = 360C86B723B2807E007D72BE /* How many fingers WatchKit App.app */; settings = {ATTRIBUTES = (RemoveHeadersOnCopy, ); }; };
		360C86BE23B2807E007D72BE /* Interface.storyboard in Resources */ = {isa = PBXBuildFile; fileRef = 360C86BC23B2807E007D72BE /* Interface.storyboard */; };
		360C86C023B2807F007D72BE /* Assets.xcassets in Resources */ = {isa = PBXBuildFile; fileRef = 360C86BF23B2807F007D72BE /* Assets.xcassets */; };
		360C86C723B2807F007D72BE /* How many fingers WatchKit Extension.appex in Embed App Extensions */ = {isa = PBXBuildFile; fileRef = 360C86C623B2807F007D72BE /* How many fingers WatchKit Extension.appex */; settings = {ATTRIBUTES = (RemoveHeadersOnCopy, ); }; };
		360C86CC23B2807F007D72BE /* InterfaceController.swift in Sources */ = {isa = PBXBuildFile; fileRef = 360C86CB23B2807F007D72BE /* InterfaceController.swift */; };
		360C86CE23B2807F007D72BE /* ExtensionDelegate.swift in Sources */ = {isa = PBXBuildFile; fileRef = 360C86CD23B2807F007D72BE /* ExtensionDelegate.swift */; };
		360C86D023B2807F007D72BE /* NotificationController.swift in Sources */ = {isa = PBXBuildFile; fileRef = 360C86CF23B2807F007D72BE /* NotificationController.swift */; };
		360C86D223B28080007D72BE /* Assets.xcassets in Resources */ = {isa = PBXBuildFile; fileRef = 360C86D123B28080007D72BE /* Assets.xcassets */; };
/* End PBXBuildFile section */

/* Begin PBXContainerItemProxy section */
		360C86B923B2807E007D72BE /* PBXContainerItemProxy */ = {
			isa = PBXContainerItemProxy;
			containerPortal = 360C86AD23B2807D007D72BE /* Project object */;
			proxyType = 1;
			remoteGlobalIDString = 360C86B623B2807E007D72BE;
			remoteInfo = "How many fingers WatchKit App";
		};
		360C86C823B2807F007D72BE /* PBXContainerItemProxy */ = {
			isa = PBXContainerItemProxy;
			containerPortal = 360C86AD23B2807D007D72BE /* Project object */;
			proxyType = 1;
			remoteGlobalIDString = 360C86C523B2807F007D72BE;
			remoteInfo = "How many fingers WatchKit Extension";
		};
/* End PBXContainerItemProxy section */

/* Begin PBXCopyFilesBuildPhase section */
		360C86DA23B28080007D72BE /* Embed App Extensions */ = {
			isa = PBXCopyFilesBuildPhase;
			buildActionMask = 2147483647;
			dstPath = "";
			dstSubfolderSpec = 13;
			files = (
				360C86C723B2807F007D72BE /* How many fingers WatchKit Extension.appex in Embed App Extensions */,
			);
			name = "Embed App Extensions";
			runOnlyForDeploymentPostprocessing = 0;
		};
		360C86DE23B28080007D72BE /* Embed Watch Content */ = {
			isa = PBXCopyFilesBuildPhase;
			buildActionMask = 2147483647;
			dstPath = "$(CONTENTS_FOLDER_PATH)/Watch";
			dstSubfolderSpec = 16;
			files = (
				360C86B823B2807E007D72BE /* How many fingers WatchKit App.app in Embed Watch Content */,
			);
			name = "Embed Watch Content";
			runOnlyForDeploymentPostprocessing = 0;
		};
/* End PBXCopyFilesBuildPhase section */

/* Begin PBXFileReference section */
		360C86B323B2807D007D72BE /* How many fingers.app */ = {isa = PBXFileReference; explicitFileType = wrapper.application; includeInIndex = 0; path = "How many fingers.app"; sourceTree = BUILT_PRODUCTS_DIR; };
		360C86B723B2807E007D72BE /* How many fingers WatchKit App.app */ = {isa = PBXFileReference; explicitFileType = wrapper.application; includeInIndex = 0; path = "How many fingers WatchKit App.app"; sourceTree = BUILT_PRODUCTS_DIR; };
		360C86BD23B2807E007D72BE /* Base */ = {isa = PBXFileReference; lastKnownFileType = file.storyboard; name = Base; path = Base.lproj/Interface.storyboard; sourceTree = "<group>"; };
		360C86BF23B2807F007D72BE /* Assets.xcassets */ = {isa = PBXFileReference; lastKnownFileType = folder.assetcatalog; path = Assets.xcassets; sourceTree = "<group>"; };
		360C86C123B2807F007D72BE /* Info.plist */ = {isa = PBXFileReference; lastKnownFileType = text.plist.xml; path = Info.plist; sourceTree = "<group>"; };
		360C86C623B2807F007D72BE /* How many fingers WatchKit Extension.appex */ = {isa = PBXFileReference; explicitFileType = "wrapper.app-extension"; includeInIndex = 0; path = "How many fingers WatchKit Extension.appex"; sourceTree = BUILT_PRODUCTS_DIR; };
		360C86CB23B2807F007D72BE /* InterfaceController.swift */ = {isa = PBXFileReference; lastKnownFileType = sourcecode.swift; path = InterfaceController.swift; sourceTree = "<group>"; };
		360C86CD23B2807F007D72BE /* ExtensionDelegate.swift */ = {isa = PBXFileReference; lastKnownFileType = sourcecode.swift; path = ExtensionDelegate.swift; sourceTree = "<group>"; };
		360C86CF23B2807F007D72BE /* NotificationController.swift */ = {isa = PBXFileReference; lastKnownFileType = sourcecode.swift; path = NotificationController.swift; sourceTree = "<group>"; };
		360C86D123B28080007D72BE /* Assets.xcassets */ = {isa = PBXFileReference; lastKnownFileType = folder.assetcatalog; path = Assets.xcassets; sourceTree = "<group>"; };
		360C86D323B28080007D72BE /* Info.plist */ = {isa = PBXFileReference; lastKnownFileType = text.plist.xml; path = Info.plist; sourceTree = "<group>"; };
		360C86D423B28080007D72BE /* PushNotificationPayload.apns */ = {isa = PBXFileReference; lastKnownFileType = text; path = PushNotificationPayload.apns; sourceTree = "<group>"; };
/* End PBXFileReference section */

/* Begin PBXFrameworksBuildPhase section */
		360C86C323B2807F007D72BE /* Frameworks */ = {
			isa = PBXFrameworksBuildPhase;
			buildActionMask = 2147483647;
			files = (
			);
			runOnlyForDeploymentPostprocessing = 0;
		};
/* End PBXFrameworksBuildPhase section */

/* Begin PBXGroup section */
		360C86AC23B2807D007D72BE = {
			isa = PBXGroup;
			children = (
				360C86BB23B2807E007D72BE /* How many fingers WatchKit App */,
				360C86CA23B2807F007D72BE /* How many fingers WatchKit Extension */,
				360C86B423B2807D007D72BE /* Products */,
			);
			sourceTree = "<group>";
		};
		360C86B423B2807D007D72BE /* Products */ = {
			isa = PBXGroup;
			children = (
				360C86B323B2807D007D72BE /* How many fingers.app */,
				360C86B723B2807E007D72BE /* How many fingers WatchKit App.app */,
				360C86C623B2807F007D72BE /* How many fingers WatchKit Extension.appex */,
			);
			name = Products;
			sourceTree = "<group>";
		};
		360C86BB23B2807E007D72BE /* How many fingers WatchKit App */ = {
			isa = PBXGroup;
			children = (
				360C86BC23B2807E007D72BE /* Interface.storyboard */,
				360C86BF23B2807F007D72BE /* Assets.xcassets */,
				360C86C123B2807F007D72BE /* Info.plist */,
			);
			path = "How many fingers WatchKit App";
			sourceTree = "<group>";
		};
		360C86CA23B2807F007D72BE /* How many fingers WatchKit Extension */ = {
			isa = PBXGroup;
			children = (
				360C86CB23B2807F007D72BE /* InterfaceController.swift */,
				360C86CD23B2807F007D72BE /* ExtensionDelegate.swift */,
				360C86CF23B2807F007D72BE /* NotificationController.swift */,
				360C86D123B28080007D72BE /* Assets.xcassets */,
				360C86D323B28080007D72BE /* Info.plist */,
				360C86D423B28080007D72BE /* PushNotificationPayload.apns */,
			);
			path = "How many fingers WatchKit Extension";
			sourceTree = "<group>";
		};
/* End PBXGroup section */

/* Begin PBXNativeTarget section */
		360C86B223B2807D007D72BE /* How many fingers */ = {
			isa = PBXNativeTarget;
			buildConfigurationList = 360C86DF23B28080007D72BE /* Build configuration list for PBXNativeTarget "How many fingers" */;
			buildPhases = (
				360C86B123B2807D007D72BE /* Resources */,
				360C86DE23B28080007D72BE /* Embed Watch Content */,
			);
			buildRules = (
			);
			dependencies = (
				360C86BA23B2807E007D72BE /* PBXTargetDependency */,
			);
			name = "How many fingers";
			productName = "How many fingers";
			productReference = 360C86B323B2807D007D72BE /* How many fingers.app */;
			productType = "com.apple.product-type.application.watchapp2-container";
		};
		360C86B623B2807E007D72BE /* How many fingers WatchKit App */ = {
			isa = PBXNativeTarget;
			buildConfigurationList = 360C86DB23B28080007D72BE /* Build configuration list for PBXNativeTarget "How many fingers WatchKit App" */;
			buildPhases = (
				360C86B523B2807E007D72BE /* Resources */,
				360C86DA23B28080007D72BE /* Embed App Extensions */,
			);
			buildRules = (
			);
			dependencies = (
				360C86C923B2807F007D72BE /* PBXTargetDependency */,
			);
			name = "How many fingers WatchKit App";
			productName = "How many fingers WatchKit App";
			productReference = 360C86B723B2807E007D72BE /* How many fingers WatchKit App.app */;
			productType = "com.apple.product-type.application.watchapp2";
		};
		360C86C523B2807F007D72BE /* How many fingers WatchKit Extension */ = {
			isa = PBXNativeTarget;
			buildConfigurationList = 360C86D723B28080007D72BE /* Build configuration list for PBXNativeTarget "How many fingers WatchKit Extension" */;
			buildPhases = (
				360C86C223B2807F007D72BE /* Sources */,
				360C86C323B2807F007D72BE /* Frameworks */,
				360C86C423B2807F007D72BE /* Resources */,
			);
			buildRules = (
			);
			dependencies = (
			);
			name = "How many fingers WatchKit Extension";
			productName = "How many fingers WatchKit Extension";
			productReference = 360C86C623B2807F007D72BE /* How many fingers WatchKit Extension.appex */;
			productType = "com.apple.product-type.watchkit2-extension";
		};
/* End PBXNativeTarget section */

/* Begin PBXProject section */
		360C86AD23B2807D007D72BE /* Project object */ = {
			isa = PBXProject;
			attributes = {
				LastSwiftUpdateCheck = 1130;
				LastUpgradeCheck = 1130;
				ORGANIZATIONNAME = "Jacob Rozell";
				TargetAttributes = {
					360C86B223B2807D007D72BE = {
						CreatedOnToolsVersion = 11.3;
					};
					360C86B623B2807E007D72BE = {
						CreatedOnToolsVersion = 11.3;
					};
					360C86C523B2807F007D72BE = {
						CreatedOnToolsVersion = 11.3;
					};
				};
			};
			buildConfigurationList = 360C86B023B2807D007D72BE /* Build configuration list for PBXProject "How many fingers" */;
			compatibilityVersion = "Xcode 9.3";
			developmentRegion = en;
			hasScannedForEncodings = 0;
			knownRegions = (
				en,
				Base,
			);
			mainGroup = 360C86AC23B2807D007D72BE;
			productRefGroup = 360C86B423B2807D007D72BE /* Products */;
			projectDirPath = "";
			projectRoot = "";
			targets = (
				360C86B223B2807D007D72BE /* How many fingers */,
				360C86B623B2807E007D72BE /* How many fingers WatchKit App */,
				360C86C523B2807F007D72BE /* How many fingers WatchKit Extension */,
			);
		};
/* End PBXProject section */

/* Begin PBXResourcesBuildPhase section */
		360C86B123B2807D007D72BE /* Resources */ = {
			isa = PBXResourcesBuildPhase;
			buildActionMask = 2147483647;
			files = (
			);
			runOnlyForDeploymentPostprocessing = 0;
		};
		360C86B523B2807E007D72BE /* Resources */ = {
			isa = PBXResourcesBuildPhase;
			buildActionMask = 2147483647;
			files = (
				360C86C023B2807F007D72BE /* Assets.xcassets in Resources */,
				360C86BE23B2807E007D72BE /* Interface.storyboard in Resources */,
			);
			runOnlyForDeploymentPostprocessing = 0;
		};
		360C86C423B2807F007D72BE /* Resources */ = {
			isa = PBXResourcesBuildPhase;
			buildActionMask = 2147483647;
			files = (
				360C86D223B28080007D72BE /* Assets.xcassets in Resources */,
			);
			runOnlyForDeploymentPostprocessing = 0;
		};
/* End PBXResourcesBuildPhase section */

/* Begin PBXSourcesBuildPhase section */
		360C86C223B2807F007D72BE /* Sources */ = {
			isa = PBXSourcesBuildPhase;
			buildActionMask = 2147483647;
			files = (
				360C86D023B2807F007D72BE /* NotificationController.swift in Sources */,
				360C86CE23B2807F007D72BE /* ExtensionDelegate.swift in Sources */,
				360C86CC23B2807F007D72BE /* InterfaceController.swift in Sources */,
			);
			runOnlyForDeploymentPostprocessing = 0;
		};
/* End PBXSourcesBuildPhase section */

/* Begin PBXTargetDependency section */
		360C86BA23B2807E007D72BE /* PBXTargetDependency */ = {
			isa = PBXTargetDependency;
			target = 360C86B623B2807E007D72BE /* How many fingers WatchKit App */;
			targetProxy = 360C86B923B2807E007D72BE /* PBXContainerItemProxy */;
		};
		360C86C923B2807F007D72BE /* PBXTargetDependency */ = {
			isa = PBXTargetDependency;
			target = 360C86C523B2807F007D72BE /* How many fingers WatchKit Extension */;
			targetProxy = 360C86C823B2807F007D72BE /* PBXContainerItemProxy */;
		};
/* End PBXTargetDependency section */

/* Begin PBXVariantGroup section */
		360C86BC23B2807E007D72BE /* Interface.storyboard */ = {
			isa = PBXVariantGroup;
			children = (
				360C86BD23B2807E007D72BE /* Base */,
			);
			name = Interface.storyboard;
			sourceTree = "<group>";
		};
/* End PBXVariantGroup section */

/* Begin XCBuildConfiguration section */
		360C86D523B28080007D72BE /* Debug */ = {
			isa = XCBuildConfiguration;
			buildSettings = {
				ALWAYS_SEARCH_USER_PATHS = NO;
				CLANG_ANALYZER_NONNULL = YES;
				CLANG_ANALYZER_NUMBER_OBJECT_CONVERSION = YES_AGGRESSIVE;
				CLANG_CXX_LANGUAGE_STANDARD = "gnu++14";
				CLANG_CXX_LIBRARY = "libc++";
				CLANG_ENABLE_MODULES = YES;
				CLANG_ENABLE_OBJC_ARC = YES;
				CLANG_ENABLE_OBJC_WEAK = YES;
				CLANG_WARN_BLOCK_CAPTURE_AUTORELEASING = YES;
				CLANG_WARN_BOOL_CONVERSION = YES;
				CLANG_WARN_COMMA = YES;
				CLANG_WARN_CONSTANT_CONVERSION = YES;
				CLANG_WARN_DEPRECATED_OBJC_IMPLEMENTATIONS = YES;
				CLANG_WARN_DIRECT_OBJC_ISA_USAGE = YES_ERROR;
				CLANG_WARN_DOCUMENTATION_COMMENTS = YES;
				CLANG_WARN_EMPTY_BODY = YES;
				CLANG_WARN_ENUM_CONVERSION = YES;
				CLANG_WARN_INFINITE_RECURSION = YES;
				CLANG_WARN_INT_CONVERSION = YES;
				CLANG_WARN_NON_LITERAL_NULL_CONVERSION = YES;
				CLANG_WARN_OBJC_IMPLICIT_RETAIN_SELF = YES;
				CLANG_WARN_OBJC_LITERAL_CONVERSION = YES;
				CLANG_WARN_OBJC_ROOT_CLASS = YES_ERROR;
				CLANG_WARN_RANGE_LOOP_ANALYSIS = YES;
				CLANG_WARN_STRICT_PROTOTYPES = YES;
				CLANG_WARN_SUSPICIOUS_MOVE = YES;
				CLANG_WARN_UNGUARDED_AVAILABILITY = YES_AGGRESSIVE;
				CLANG_WARN_UNREACHABLE_CODE = YES;
				CLANG_WARN__DUPLICATE_METHOD_MATCH = YES;
				COPY_PHASE_STRIP = NO;
				DEBUG_INFORMATION_FORMAT = dwarf;
				ENABLE_STRICT_OBJC_MSGSEND = YES;
				ENABLE_TESTABILITY = YES;
				GCC_C_LANGUAGE_STANDARD = gnu11;
				GCC_DYNAMIC_NO_PIC = NO;
				GCC_NO_COMMON_BLOCKS = YES;
				GCC_OPTIMIZATION_LEVEL = 0;
				GCC_PREPROCESSOR_DEFINITIONS = (
					"DEBUG=1",
					"$(inherited)",
				);
				GCC_WARN_64_TO_32_BIT_CONVERSION = YES;
				GCC_WARN_ABOUT_RETURN_TYPE = YES_ERROR;
				GCC_WARN_UNDECLARED_SELECTOR = YES;
				GCC_WARN_UNINITIALIZED_AUTOS = YES_AGGRESSIVE;
				GCC_WARN_UNUSED_FUNCTION = YES;
				GCC_WARN_UNUSED_VARIABLE = YES;
				MTL_ENABLE_DEBUG_INFO = INCLUDE_SOURCE;
				MTL_FAST_MATH = YES;
				ONLY_ACTIVE_ARCH = YES;
				SDKROOT = iphoneos;
				SWIFT_ACTIVE_COMPILATION_CONDITIONS = DEBUG;
				SWIFT_OPTIMIZATION_LEVEL = "-Onone";
			};
			name = Debug;
		};
		360C86D623B28080007D72BE /* Release */ = {
			isa = XCBuildConfiguration;
			buildSettings = {
				ALWAYS_SEARCH_USER_PATHS = NO;
				CLANG_ANALYZER_NONNULL = YES;
				CLANG_ANALYZER_NUMBER_OBJECT_CONVERSION = YES_AGGRESSIVE;
				CLANG_CXX_LANGUAGE_STANDARD = "gnu++14";
				CLANG_CXX_LIBRARY = "libc++";
				CLANG_ENABLE_MODULES = YES;
				CLANG_ENABLE_OBJC_ARC = YES;
				CLANG_ENABLE_OBJC_WEAK = YES;
				CLANG_WARN_BLOCK_CAPTURE_AUTORELEASING = YES;
				CLANG_WARN_BOOL_CONVERSION = YES;
				CLANG_WARN_COMMA = YES;
				CLANG_WARN_CONSTANT_CONVERSION = YES;
				CLANG_WARN_DEPRECATED_OBJC_IMPLEMENTATIONS = YES;
				CLANG_WARN_DIRECT_OBJC_ISA_USAGE = YES_ERROR;
				CLANG_WARN_DOCUMENTATION_COMMENTS = YES;
				CLANG_WARN_EMPTY_BODY = YES;
				CLANG_WARN_ENUM_CONVERSION = YES;
				CLANG_WARN_INFINITE_RECURSION = YES;
				CLANG_WARN_INT_CONVERSION = YES;
				CLANG_WARN_NON_LITERAL_NULL_CONVERSION = YES;
				CLANG_WARN_OBJC_IMPLICIT_RETAIN_SELF = YES;
				CLANG_WARN_OBJC_LITERAL_CONVERSION = YES;
				CLANG_WARN_OBJC_ROOT_CLASS = YES_ERROR;
				CLANG_WARN_RANGE_LOOP_ANALYSIS = YES;
				CLANG_WARN_STRICT_PROTOTYPES = YES;
				CLANG_WARN_SUSPICIOUS_MOVE = YES;
				CLANG_WARN_UNGUARDED_AVAILABILITY = YES_AGGRESSIVE;
				CLANG_WARN_UNREACHABLE_CODE = YES;
				CLANG_WARN__DUPLICATE_METHOD_MATCH = YES;
				COPY_PHASE_STRIP = NO;
				DEBUG_INFORMATION_FORMAT = "dwarf-with-dsym";
				ENABLE_NS_ASSERTIONS = NO;
				ENABLE_STRICT_OBJC_MSGSEND = YES;
				GCC_C_LANGUAGE_STANDARD = gnu11;
				GCC_NO_COMMON_BLOCKS = YES;
				GCC_WARN_64_TO_32_BIT_CONVERSION = YES;
				GCC_WARN_ABOUT_RETURN_TYPE = YES_ERROR;
				GCC_WARN_UNDECLARED_SELECTOR = YES;
				GCC_WARN_UNINITIALIZED_AUTOS = YES_AGGRESSIVE;
				GCC_WARN_UNUSED_FUNCTION = YES;
				GCC_WARN_UNUSED_VARIABLE = YES;
				MTL_ENABLE_DEBUG_INFO = NO;
				MTL_FAST_MATH = YES;
				SDKROOT = iphoneos;
				SWIFT_COMPILATION_MODE = wholemodule;
				SWIFT_OPTIMIZATION_LEVEL = "-O";
				VALIDATE_PRODUCT = YES;
			};
			name = Release;
		};
		360C86D823B28080007D72BE /* Debug */ = {
			isa = XCBuildConfiguration;
			buildSettings = {
				ASSETCATALOG_COMPILER_COMPLICATION_NAME = Complication;
				CODE_SIGN_STYLE = Automatic;
				DEVELOPMENT_TEAM = 7JT2JB89AV;
				INFOPLIST_FILE = "How many fingers WatchKit Extension/Info.plist";
				LD_RUNPATH_SEARCH_PATHS = (
					"$(inherited)",
					"@executable_path/Frameworks",
					"@executable_path/../../Frameworks",
				);
				PRODUCT_BUNDLE_IDENTIFIER = "com.jacobrozell.howmanyfingers2.How-many-fingers.watchkitapp.watchkitextension";
				PRODUCT_NAME = "${TARGET_NAME}";
				SDKROOT = watchos;
				SKIP_INSTALL = YES;
				SWIFT_VERSION = 5.0;
				TARGETED_DEVICE_FAMILY = 4;
				WATCHOS_DEPLOYMENT_TARGET = 6.1;
			};
			name = Debug;
		};
		360C86D923B28080007D72BE /* Release */ = {
			isa = XCBuildConfiguration;
			buildSettings = {
				ASSETCATALOG_COMPILER_COMPLICATION_NAME = Complication;
				CODE_SIGN_STYLE = Automatic;
				DEVELOPMENT_TEAM = 7JT2JB89AV;
				INFOPLIST_FILE = "How many fingers WatchKit Extension/Info.plist";
				LD_RUNPATH_SEARCH_PATHS = (
					"$(inherited)",
					"@executable_path/Frameworks",
					"@executable_path/../../Frameworks",
				);
				PRODUCT_BUNDLE_IDENTIFIER = "com.jacobrozell.howmanyfingers2.How-many-fingers.watchkitapp.watchkitextension";
				PRODUCT_NAME = "${TARGET_NAME}";
				SDKROOT = watchos;
				SKIP_INSTALL = YES;
				SWIFT_VERSION = 5.0;
				TARGETED_DEVICE_FAMILY = 4;
				WATCHOS_DEPLOYMENT_TARGET = 6.1;
			};
			name = Release;
		};
		360C86DC23B28080007D72BE /* Debug */ = {
			isa = XCBuildConfiguration;
			buildSettings = {
				ALWAYS_EMBED_SWIFT_STANDARD_LIBRARIES = YES;
				ASSETCATALOG_COMPILER_APPICON_NAME = AppIcon;
				CODE_SIGN_STYLE = Automatic;
				DEVELOPMENT_TEAM = 7JT2JB89AV;
				IBSC_MODULE = How_many_fingers_WatchKit_Extension;
				INFOPLIST_FILE = "How many fingers WatchKit App/Info.plist";
				PRODUCT_BUNDLE_IDENTIFIER = "com.jacobrozell.howmanyfingers2.How-many-fingers.watchkitapp";
				PRODUCT_NAME = "$(TARGET_NAME)";
				SDKROOT = watchos;
				SKIP_INSTALL = YES;
				SWIFT_VERSION = 5.0;
				TARGETED_DEVICE_FAMILY = 4;
				WATCHOS_DEPLOYMENT_TARGET = 6.1;
			};
			name = Debug;
		};
		360C86DD23B28080007D72BE /* Release */ = {
			isa = XCBuildConfiguration;
			buildSettings = {
				ALWAYS_EMBED_SWIFT_STANDARD_LIBRARIES = YES;
				ASSETCATALOG_COMPILER_APPICON_NAME = AppIcon;
				CODE_SIGN_STYLE = Automatic;
				DEVELOPMENT_TEAM = 7JT2JB89AV;
				IBSC_MODULE = How_many_fingers_WatchKit_Extension;
				INFOPLIST_FILE = "How many fingers WatchKit App/Info.plist";
				PRODUCT_BUNDLE_IDENTIFIER = "com.jacobrozell.howmanyfingers2.How-many-fingers.watchkitapp";
				PRODUCT_NAME = "$(TARGET_NAME)";
				SDKROOT = watchos;
				SKIP_INSTALL = YES;
				SWIFT_VERSION = 5.0;
				TARGETED_DEVICE_FAMILY = 4;
				WATCHOS_DEPLOYMENT_TARGET = 6.1;
			};
			name = Release;
		};
		360C86E023B28080007D72BE /* Debug */ = {
			isa = XCBuildConfiguration;
			buildSettings = {
				CODE_SIGN_STYLE = Automatic;
				CURRENT_PROJECT_VERSION = 1;
				DEVELOPMENT_TEAM = 7JT2JB89AV;
				MARKETING_VERSION = 1.0;
				PRODUCT_BUNDLE_IDENTIFIER = "com.jacobrozell.howmanyfingers2.How-many-fingers";
				PRODUCT_NAME = "$(TARGET_NAME)";
				SWIFT_VERSION = 5.0;
			};
			name = Debug;
		};
		360C86E123B28080007D72BE /* Release */ = {
			isa = XCBuildConfiguration;
			buildSettings = {
				CODE_SIGN_STYLE = Automatic;
				CURRENT_PROJECT_VERSION = 1;
				DEVELOPMENT_TEAM = 7JT2JB89AV;
				MARKETING_VERSION = 1.0;
				PRODUCT_BUNDLE_IDENTIFIER = "com.jacobrozell.howmanyfingers2.How-many-fingers";
				PRODUCT_NAME = "$(TARGET_NAME)";
				SWIFT_VERSION = 5.0;
			};
			name = Release;
		};
/* End XCBuildConfiguration section */

/* Begin XCConfigurationList section */
		360C86B023B2807D007D72BE /* Build configuration list for PBXProject "How many fingers" */ = {
			isa = XCConfigurationList;
			buildConfigurations = (
				360C86D523B28080007D72BE /* Debug */,
				360C86D623B28080007D72BE /* Release */,
			);
			defaultConfigurationIsVisible = 0;
			defaultConfigurationName = Release;
		};
		360C86D723B28080007D72BE /* Build configuration list for PBXNativeTarget "How many fingers WatchKit Extension" */ = {
			isa = XCConfigurationList;
			buildConfigurations = (
				360C86D823B28080007D72BE /* Debug */,
				360C86D923B28080007D72BE /* Release */,
			);
			defaultConfigurationIsVisible = 0;
			defaultConfigurationName = Release;
		};
		360C86DB23B28080007D72BE /* Build configuration list for PBXNativeTarget "How many fingers WatchKit App" */ = {
			isa = XCConfigurationList;
			buildConfigurations = (
				360C86DC23B28080007D72BE /* Debug */,
				360C86DD23B28080007D72BE /* Release */,
			);
			defaultConfigurationIsVisible = 0;
			defaultConfigurationName = Release;
		};
		360C86DF23B28080007D72BE /* Build configuration list for PBXNativeTarget "How many fingers" */ = {
			isa = XCConfigurationList;
			buildConfigurations = (
				360C86E023B28080007D72BE /* Debug */,
				360C86E123B28080007D72BE /* Release */,
			);
			defaultConfigurationIsVisible = 0;
			defaultConfigurationName = Release;
		};
/* End XCConfigurationList section */
	};
	rootObject = 360C86AD23B2807D007D72BE /* Project object */;
}
